
Microsoft Visual Studio Solution File, Format Version 12.00
Project("{FAE04EC0-301F-11D3-BF4B-00C04F79EFBC}") = "RazorPizza", "RazorPizza\RazorPizza.csproj", "{EB3F31A6-556F-4070-9615-21BCC713F81A}"
EndProject
Global
	GlobalSection(SolutionConfigurationPlatforms) = preSolution
		Debug|Any CPU = Debug|Any CPU
		Release|Any CPU = Release|Any CPU
	EndGlobalSection
	GlobalSection(ProjectConfigurationPlatforms) = postSolution
		{EB3F31A6-556F-4070-9615-21BCC713F81A}.Debug|Any CPU.ActiveCfg = Debug|Any CPU
		{EB3F31A6-556F-4070-9615-21BCC713F81A}.Debug|Any CPU.Build.0 = Debug|Any CPU
		{EB3F31A6-556F-4070-9615-21BCC713F81A}.Release|Any CPU.ActiveCfg = Release|Any CPU
		{EB3F31A6-556F-4070-9615-21BCC713F81A}.Release|Any CPU.Build.0 = Release|Any CPU
	EndGlobalSection
EndGlobal
